### YamlMime:PythonClass
uid: azure.synapse.artifacts.models.ScriptActivityScriptBlock
name: ScriptActivityScriptBlock
fullName: azure.synapse.artifacts.models.ScriptActivityScriptBlock
module: azure.synapse.artifacts.models
inheritances:
- azure.synapse.artifacts._serialization.Model
summary: 'Script block of scripts.


  All required parameters must be populated in order to send to Azure.'
constructor:
  syntax: 'ScriptActivityScriptBlock(*, text: MutableMapping[str, Any], type: str
    | _models.ScriptType, parameters: List[_models.ScriptActivityParameter] | None
    = None, **kwargs: Any)'
  keywordOnlyParameters:
  - name: text
    description: 'The query text. Type: string (or Expression with resultType string).
      Required.'
    types:
    - <xref:JSON>
  - name: type
    description: 'The type of the query. Type: string. Required. Known values are:
      "Query" and

      "NonQuery".'
    types:
    - <xref:str>
    - <xref:azure.synapse.artifacts.models.ScriptType>
  - name: parameters
    description: 'Array of script parameters. Type: array.'
    types:
    - <xref:list>[<xref:azure.synapse.artifacts.models.ScriptActivityParameter>]
variables:
- description: 'The query text. Type: string (or Expression with resultType string).
    Required.'
  name: text
  types:
  - <xref:JSON>
- description: 'The type of the query. Type: string. Required. Known values are: "Query"
    and

    "NonQuery".'
  name: type
  types:
  - <xref:str>
  - <xref:azure.synapse.artifacts.models.ScriptType>
- description: 'Array of script parameters. Type: array.'
  name: parameters
  types:
  - <xref:list>[<xref:azure.synapse.artifacts.models.ScriptActivityParameter>]
