### YamlMime:PythonClass
uid: azure.storage.blob.models.BlobBlock
name: BlobBlock
fullName: azure.storage.blob.models.BlobBlock
module: azure.storage.blob.models
inheritances:
- builtins.object
summary: BlockBlob Block class.
constructor:
  syntax: BlobBlock(id=None, state='Latest')
  parameters:
  - name: id
    defaultValue: None
  - name: state
    defaultValue: Latest
variables:
- description: Block id.
  name: id
  types:
  - <xref:azure.storage.blob.models.str>
- description: 'Block state.

    Possible valuse: committed|uncommitted'
  name: state
  types:
  - <xref:azure.storage.blob.models.str>
- description: Block size in bytes.
  name: size
  types:
  - <xref:azure.storage.blob.models.int>
