### YamlMime:UniversalReference
api_name: []
items:
- children: []
  class: azure.eventprocessorhost.vendor.storage.blob.models.BlobBlock
  fullName: azure.eventprocessorhost.vendor.storage.blob.models.BlobBlock
  inheritance:
  - type: builtins.object
  langs:
  - python
  module: azure.eventprocessorhost.vendor.storage.blob.models
  name: BlobBlock
  summary: BlockBlob Block class.
  syntax:
    content: BlobBlock(id=None, state='Latest')
    variables:
    - description: Block id.
      id: id
      type:
      - str
    - description: 'Block state.

        Possible valuse: committed|uncommitted'
      id: state
      type:
      - str
    - description: Block size in bytes.
      id: size
      type:
      - int
  type: class
  uid: azure.eventprocessorhost.vendor.storage.blob.models.BlobBlock
references: []
