### YamlMime:PythonEnum
uid: azure.mgmt.recoveryservicesbackup.models.AcquireStorageAccountLock
name: AcquireStorageAccountLock
fullName: azure.mgmt.recoveryservicesbackup.models.AcquireStorageAccountLock
summary: Whether storage account lock is to be acquired for this container or not.
module: azure.mgmt.recoveryservicesbackup.models
fields:
- name: ACQUIRE
  uid: azure.mgmt.recoveryservicesbackup.models.AcquireStorageAccountLock.ACQUIRE
- name: NOT_ACQUIRE
  uid: azure.mgmt.recoveryservicesbackup.models.AcquireStorageAccountLock.NOT_ACQUIRE
