### YamlMime:UniversalReference
api_name: []
items:
- children: []
  class: azure.storage.blob.models.BlobBlock
  fullName: azure.storage.blob.models.BlobBlock
  inheritance:
  - inheritance:
    - type: builtins.object
    type: azure.storage.blob._shared.models.DictMixin
  langs:
  - python
  module: azure.storage.blob.models
  name: BlobBlock
  summary: BlockBlob Block class.
  syntax:
    content: 'BlobBlock(block_id=None, state=<BlockState.Latest: ''Latest''>)'
    parameters:
    - description: Block id.
      id: block_id
      type:
      - str
    - description: 'Block state. Possible values: committed|uncommitted'
      id: state
      type:
      - str
    variables:
    - description: Block size in bytes.
      id: size
      type:
      - int
  type: class
  uid: azure.storage.blob.models.BlobBlock
references: []
