### YamlMime:PythonClass
uid: azure.storage.blob.BlobBlock
name: BlobBlock
fullName: azure.storage.blob.BlobBlock
module: azure.storage.blob
inheritances:
- azure.storage.blob._shared.models.DictMixin
summary: BlockBlob Block class.
constructor:
  syntax: 'BlobBlock(block_id: str, state: BlockState = BlockState.LATEST)'
  parameters:
  - name: block_id
    description: Block id.
    isRequired: true
    types:
    - <xref:str>
  - name: state
    description: 'Block state. Possible values: BlockState.COMMITTED | BlockState.UNCOMMITTED'
    defaultValue: BlockState.LATEST
    types:
    - <xref:azure.storage.blob.BlockState>
methods:
- uid: azure.storage.blob.BlobBlock.get
  name: get
  signature: get(key, default=None)
  parameters:
  - name: key
    isRequired: true
  - name: default
    defaultValue: None
- uid: azure.storage.blob.BlobBlock.has_key
  name: has_key
  signature: has_key(k)
  parameters:
  - name: k
    isRequired: true
- uid: azure.storage.blob.BlobBlock.items
  name: items
  signature: items()
- uid: azure.storage.blob.BlobBlock.keys
  name: keys
  signature: keys()
- uid: azure.storage.blob.BlobBlock.update
  name: update
  signature: update(*args, **kwargs)
- uid: azure.storage.blob.BlobBlock.values
  name: values
  signature: values()
attributes:
- uid: azure.storage.blob.BlobBlock.block_id
  name: block_id
  summary: Block id.
  signature: 'block_id: str'
- uid: azure.storage.blob.BlobBlock.size
  name: size
  summary: Block size.
  signature: 'size: int'
- uid: azure.storage.blob.BlobBlock.state
  name: state
  summary: Block state.
  signature: 'state: BlockState'
