### YamlMime:PythonClass
uid: azure.mgmt.datafactory.models.ScriptActivityScriptBlock
name: ScriptActivityScriptBlock
fullName: azure.mgmt.datafactory.models.ScriptActivityScriptBlock
module: azure.mgmt.datafactory.models
inheritances:
- azure.mgmt.datafactory._serialization.Model
summary: 'Script block of scripts.


  All required parameters must be populated in order to send to Azure.'
constructor:
  syntax: 'ScriptActivityScriptBlock(*, text: MutableMapping[str, Any], type: str
    | _models.ScriptType, parameters: List[_models.ScriptActivityParameter] | None
    = None, **kwargs: Any)'
variables:
- description: 'The query text. Type: string (or Expression with resultType string).
    Required.'
  name: text
  types:
  - <xref:JSON>
- description: 'The type of the query. Type: string. Required. Known values are: "Query"
    and

    "NonQuery".'
  name: type
  types:
  - <xref:str>
  - <xref:azure.mgmt.datafactory.models.ScriptType>
- description: 'Array of script parameters. Type: array.'
  name: parameters
  types:
  - <xref:list>[<xref:azure.mgmt.datafactory.models.ScriptActivityParameter>]
