### YamlMime:PythonClass
uid: azure.mgmt.datafactory.models.ScriptActivityScriptBlock
name: ScriptActivityScriptBlock
fullName: azure.mgmt.datafactory.models.ScriptActivityScriptBlock
module: azure.mgmt.datafactory.models
inheritances:
- azure.mgmt.datafactory._serialization.Model
summary: 'Script block of scripts.


  All required parameters must be populated in order to send to server.'
constructor:
  syntax: 'ScriptActivityScriptBlock(*, text: MutableMapping[str, Any], type: MutableMapping[str,
    Any], parameters: List[_models.ScriptActivityParameter] | None = None, **kwargs:
    Any)'
  keywordOnlyParameters:
  - name: text
    description: 'The query text. Type: string (or Expression with resultType string).
      Required.'
    types:
    - <xref:JSON>
  - name: type
    description: 'The type of the query. Please refer to the ScriptType for valid
      options. Type:

      string (or Expression with resultType string). Required.'
    types:
    - <xref:JSON>
  - name: parameters
    description: 'Array of script parameters. Type: array.'
    types:
    - <xref:list>[<xref:azure.mgmt.datafactory.models.ScriptActivityParameter>]
variables:
- description: 'The query text. Type: string (or Expression with resultType string).
    Required.'
  name: text
  types:
  - <xref:JSON>
- description: 'The type of the query. Please refer to the ScriptType for valid options.
    Type:

    string (or Expression with resultType string). Required.'
  name: type
  types:
  - <xref:JSON>
- description: 'Array of script parameters. Type: array.'
  name: parameters
  types:
  - <xref:list>[<xref:azure.mgmt.datafactory.models.ScriptActivityParameter>]
