### YamlMime:PythonClass
uid: azure.mgmt.datafactory.models.ScriptActivityScriptBlock
name: ScriptActivityScriptBlock
fullName: azure.mgmt.datafactory.models.ScriptActivityScriptBlock
module: azure.mgmt.datafactory.models
inheritances:
- msrest.serialization.Model
summary: 'Script block of scripts.


  All required parameters must be populated in order to send to Azure.'
constructor:
  syntax: 'ScriptActivityScriptBlock(*, text: Any, type: Union[str, _models.ScriptType],
    parameters: Optional[List[_models.ScriptActivityParameter]] = None, **kwargs)'
variables:
- description: 'Required. The query text. Type: string (or Expression with resultType
    string).'
  name: text
  types:
  - <xref:any>
- description: 'Required. The type of the query. Type: string. Known values are: "Query",

    "NonQuery".'
  name: type
  types:
  - <xref:str>
  - <xref:azure.mgmt.datafactory.models.ScriptType>
- description: 'Array of script parameters. Type: array.'
  name: parameters
  types:
  - <xref:list>[<xref:azure.mgmt.datafactory.models.ScriptActivityParameter>]
