### YamlMime:PythonClass
uid: azure.mgmt.datafactory.types.ScriptActivityScriptBlock
name: ScriptActivityScriptBlock
fullName: azure.mgmt.datafactory.types.ScriptActivityScriptBlock
module: azure.mgmt.datafactory.types
summary: Script block of scripts.
constructor:
  syntax: ScriptActivityScriptBlock()
variables:
- description: 'The query text. Type: string (or Expression with resultType string).
    Required.'
  name: text
  types:
  - <xref:typing.Any>
- description: 'The type of the query. Please refer to the ScriptType for valid options.
    Type:

    string (or Expression with resultType string). Required.'
  name: type
  types:
  - <xref:typing.Any>
- description: 'Array of script parameters. Type: array.'
  name: parameters
  types:
  - <xref:list>[<xref:"ScriptActivityParameter">]
attributes:
- uid: azure.mgmt.datafactory.types.ScriptActivityScriptBlock.parameters
  name: parameters
  summary: array.
  signature: 'parameters: list[azure.mgmt.datafactory.types.ScriptActivityParameter]'
- uid: azure.mgmt.datafactory.types.ScriptActivityScriptBlock.text
  name: text
  summary: string (or Expression with resultType string). Required.
  signature: 'text: Any'
- uid: azure.mgmt.datafactory.types.ScriptActivityScriptBlock.type
  name: type
  summary: 'string (or

    Expression with resultType string). Required.'
  signature: 'type: Any'
