### YamlMime:PythonEnum
uid: azure.mgmt.recoveryservicesbackup.activestamp.models.AcquireStorageAccountLock
name: AcquireStorageAccountLock
fullName: azure.mgmt.recoveryservicesbackup.activestamp.models.AcquireStorageAccountLock
summary: Whether storage account lock is to be acquired for this container or not.
module: azure.mgmt.recoveryservicesbackup.activestamp.models
constructor:
  syntax: AcquireStorageAccountLock(value)
inheritances:
- builtins.str
- enum.Enum
fields:
- name: ACQUIRE
  uid: azure.mgmt.recoveryservicesbackup.activestamp.models.AcquireStorageAccountLock.ACQUIRE
- name: NOT_ACQUIRE
  uid: azure.mgmt.recoveryservicesbackup.activestamp.models.AcquireStorageAccountLock.NOT_ACQUIRE
