### YamlMime:PythonPackage
uid: azure.mgmt.purestorageblock
name: purestorageblock
fullName: azure.mgmt.purestorageblock
type: rootImport
classes:
- azure.mgmt.purestorageblock.PureStorageBlockMgmtClient
packages:
- azure.mgmt.purestorageblock.aio
- azure.mgmt.purestorageblock.models
- azure.mgmt.purestorageblock.operations
