### YamlMime:PythonClass
uid: azure.storage.blob.BlobBlock
name: BlobBlock
fullName: azure.storage.blob.BlobBlock
module: azure.storage.blob
inheritances:
- azure.storage.blob._shared.models.DictMixin
summary: BlockBlob Block class.
constructor:
  syntax: 'BlobBlock(block_id, state=<BlockState.Latest: ''Latest''>)'
  parameters:
  - name: block_id
    description: Block id.
    isRequired: true
    types:
    - <xref:str>
  - name: state
    description: 'Block state. Possible values: committed|uncommitted'
    defaultValue: BlockState.Latest
    types:
    - <xref:str>
variables:
- description: Block size in bytes.
  name: size
  types:
  - <xref:int>
