### YamlMime:UniversalReference
api_name: []
items:
- children: []
  class: azure.storage.blob.models.BlobBlock
  fullName: azure.storage.blob.models.BlobBlock
  inheritance:
  - type: builtins.object
  langs:
  - python
  module: azure.storage.blob.models
  name: BlobBlock
  source:
    id: BlobBlock
    path: azure-storage-blob\azure\storage\blob\models.py
    remote:
      branch: master
      path: azure-storage-blob\azure\storage\blob\models.py
      repo: https://github.com/Azure/azure-storage-python.git
    startLine: 278
  summary: 'BlockBlob Block class.

    '
  syntax:
    content: BlobBlock(id=None, state='Latest')
    variables:
    - description: 'Block id.

        '
      id: id
      type:
      - str
    - description: 'Block state.

        Possible valuse: committed|uncommitted

        '
      id: state
      type:
      - str
    - description: 'Block size in bytes.

        '
      id: size
      type:
      - int
  type: class
  uid: azure.storage.blob.models.BlobBlock
references: []
