### YamlMime:PythonClass
uid: azure.synapse.artifacts.models.ScriptActivityScriptBlock
name: ScriptActivityScriptBlock
fullName: azure.synapse.artifacts.models.ScriptActivityScriptBlock
module: azure.synapse.artifacts.models
inheritances:
- azure.synapse.artifacts._serialization.Model
summary: 'Script block of scripts.


  All required parameters must be populated in order to send to Azure.'
constructor:
  syntax: 'ScriptActivityScriptBlock(*, text: collections.abc.MutableMapping[str,
    Any], type: Union[str, _models.ScriptType], parameters: Optional[List[_models.ScriptActivityParameter]]
    = None, **kwargs)'
variables:
- description: 'The query text. Type: string (or Expression with resultType string).
    Required.'
  name: text
  types:
  - <xref:JSON>
- description: 'The type of the query. Type: string. Required. Known values are: "Query"
    and

    "NonQuery".'
  name: type
  types:
  - <xref:str>
  - <xref:azure.synapse.artifacts.models.ScriptType>
- description: 'Array of script parameters. Type: array.'
  name: parameters
  types:
  - <xref:list>[<xref:azure.synapse.artifacts.models.ScriptActivityParameter>]
